
Microsoft Visual Studio Solution File, Format Version 12.00
# Visual Studio Version 17
VisualStudioVersion = 17.3.32901.215
MinimumVisualStudioVersion = 10.0.40219.1
Project("{FAE04EC0-301F-11D3-BF4B-00C04F79EFBC}") = "WpfApp1", "WpfApp1\WpfApp1.csproj", "{1BDA4312-A6AD-4497-BE09-CBF4C5F2DDFC}"
EndProject
Global
	GlobalSection(SolutionConfigurationPlatforms) = preSolution
		Debug|Any CPU = Debug|Any CPU
		Release|Any CPU = Release|Any CPU
	EndGlobalSection
	GlobalSection(ProjectConfigurationPlatforms) = postSolution
		{1BDA4312-A6AD-4497-BE09-CBF4C5F2DDFC}.Debug|Any CPU.ActiveCfg = Debug|Any CPU
		{1BDA4312-A6AD-4497-BE09-CBF4C5F2DDFC}.Debug|Any CPU.Build.0 = Debug|Any CPU
		{1BDA4312-A6AD-4497-BE09-CBF4C5F2DDFC}.Release|Any CPU.ActiveCfg = Release|Any CPU
		{1BDA4312-A6AD-4497-BE09-CBF4C5F2DDFC}.Release|Any CPU.Build.0 = Release|Any CPU
	EndGlobalSection
	GlobalSection(SolutionProperties) = preSolution
		HideSolutionNode = FALSE
	EndGlobalSection
	GlobalSection(ExtensibilityGlobals) = postSolution
		SolutionGuid = {183BB56F-C41C-4EAD-A326-6002A70317CD}
	EndGlobalSection
EndGlobal
