
Microsoft Visual Studio Solution File, Format Version 12.00
# Visual Studio Version 17
VisualStudioVersion = 17.5.33424.131
MinimumVisualStudioVersion = 10.0.40219.1
Project("{FAE04EC0-301F-11D3-BF4B-00C04F79EFBC}") = "PT-Lab_4", "PT-Lab_4.csproj", "{BFDCCF53-E792-4E54-A938-51C80B1179DC}"
EndProject
Global
	GlobalSection(SolutionConfigurationPlatforms) = preSolution
		Debug|Any CPU = Debug|Any CPU
		Release|Any CPU = Release|Any CPU
	EndGlobalSection
	GlobalSection(ProjectConfigurationPlatforms) = postSolution
		{BFDCCF53-E792-4E54-A938-51C80B1179DC}.Debug|Any CPU.ActiveCfg = Debug|Any CPU
		{BFDCCF53-E792-4E54-A938-51C80B1179DC}.Debug|Any CPU.Build.0 = Debug|Any CPU
		{BFDCCF53-E792-4E54-A938-51C80B1179DC}.Release|Any CPU.ActiveCfg = Release|Any CPU
		{BFDCCF53-E792-4E54-A938-51C80B1179DC}.Release|Any CPU.Build.0 = Release|Any CPU
	EndGlobalSection
	GlobalSection(SolutionProperties) = preSolution
		HideSolutionNode = FALSE
	EndGlobalSection
	GlobalSection(ExtensibilityGlobals) = postSolution
		SolutionGuid = {FD596BF7-045F-4E35-A279-AA7B39C09383}
	EndGlobalSection
EndGlobal
